{
  "name": "@octokit/webhooks-examples",
  "version": "0.0.0-development",
  "lockfileVersion": 3,
  "requires": true,
  "packages": {
    "": {
      "name": "@octokit/webhooks-examples",
      "version": "0.0.0-development",
      "license": "MIT",
      "dependencies": {
        "@octokit/webhooks-types": "^7.0.0"
      },
      "devDependencies": {}
    },
    "node_modules/@octokit/webhooks-types": {
      "version": "7.5.1",
      "resolved": "https://registry.npmjs.org/@octokit/webhooks-types/-/webhooks-types-7.5.1.tgz",
      "integrity": "sha512-1dozxWEP8lKGbtEu7HkRbK1F/nIPuJXNfT0gd96y6d3LcHZTtRtlf8xz3nicSJfesADxJyDh+mWBOsdLkqgzYw=="
    }
  }
}
