{
  "name": "@octokit/webhooks-examples",
  "version": "0.0.0-development",
  "lockfileVersion": 1,
  "requires": true,
  "dependencies": {
    "@octokit/webhooks-types": {
      "version": "4.6.1",
      "resolved": "https://registry.npmjs.org/@octokit/webhooks-types/-/webhooks-types-4.6.1.tgz",
      "integrity": "sha512-N6v5z0bTNKXMHJEN68xi364XPKrxN1wrK+qRvJQgoOf/ViZel27LEC7skfEeh8jeVl5lg7XZBDQn5nJ1pwRK0g=="
    }
  }
}
