{
  "name": "@octokit/webhooks-examples",
  "version": "0.0.0-development",
  "lockfileVersion": 2,
  "requires": true,
  "packages": {
    "": {
      "name": "@octokit/webhooks-examples",
      "version": "0.0.0-development",
      "license": "MIT",
      "dependencies": {
        "@octokit/webhooks-types": "^6.0.0"
      },
      "devDependencies": {}
    },
    "node_modules/@octokit/webhooks-types": {
      "version": "6.2.3",
      "resolved": "https://registry.npmjs.org/@octokit/webhooks-types/-/webhooks-types-6.2.3.tgz",
      "integrity": "sha512-m2J23W6QZeB7KOMHSgTZG8F0mXqqWlWrVzn41Zj4l2umHb6H3Z+rqFsryTNBTZuUiO7YFOFqYaTtlSGHC5CgUg=="
    }
  },
  "dependencies": {
    "@octokit/webhooks-types": {
      "version": "6.2.3",
      "resolved": "https://registry.npmjs.org/@octokit/webhooks-types/-/webhooks-types-6.2.3.tgz",
      "integrity": "sha512-m2J23W6QZeB7KOMHSgTZG8F0mXqqWlWrVzn41Zj4l2umHb6H3Z+rqFsryTNBTZuUiO7YFOFqYaTtlSGHC5CgUg=="
    }
  }
}
